
Microsoft Visual Studio Solution File, Format Version 11.00
# Visual Studio 2010
Project("{2150E333-8FDC-42A3-9474-1A3956D46DE8}") = "Solution Items", "Solution Items", "{AA6D5E3F-45FA-4C57-B2F0-D7E0BCB4A681}"
	ProjectSection(SolutionItems) = preProject
		Library\WhatsNew.txt = Library\WhatsNew.txt
	EndProjectSection
EndProject
Project("{FAE04EC0-301F-11D3-BF4B-00C04F79EFBC}") = "Perspective.Core-dn4.0", "Library\Perspective.Core\Perspective.Core-dn4.0.csproj", "{19FC4939-5269-4B1E-93BF-569D3E14A9B0}"
EndProject
Project("{FAE04EC0-301F-11D3-BF4B-00C04F79EFBC}") = "Perspective.Wpf-dn4.0", "Library\Perspective.Wpf\Perspective.Wpf-dn4.0.csproj", "{34860E9C-F566-4F14-BFB9-45F6B37503F9}"
EndProject
Project("{FAE04EC0-301F-11D3-BF4B-00C04F79EFBC}") = "Perspective.Wpf3D-dn4.0", "Library\Perspective.Wpf3D\Perspective.Wpf3D-dn4.0.csproj", "{F1121E62-AE79-4460-9419-E74F19C011F7}"
EndProject
Project("{FAE04EC0-301F-11D3-BF4B-00C04F79EFBC}") = "Perspective-dn4.0", "App\Perspective\Perspective-dn4.0.csproj", "{82B9A7F7-6D87-4770-B525-D3F0935BFFDC}"
EndProject
Project("{FAE04EC0-301F-11D3-BF4B-00C04F79EFBC}") = "Perspective.Hosting-dn4.0", "Library\Perspective.Hosting\Perspective.Hosting-dn4.0.csproj", "{C7D8AFA7-84EC-40B0-8308-BAB376B31CDD}"
EndProject
Project("{FAE04EC0-301F-11D3-BF4B-00C04F79EFBC}") = "PerspectiveDemo.Wpf-dn4.0", "Demo\PerspectiveDemo.Wpf\PerspectiveDemo.Wpf-dn4.0.csproj", "{6D237C99-F57D-4938-913D-7255BF9953FA}"
EndProject
Project("{FAE04EC0-301F-11D3-BF4B-00C04F79EFBC}") = "PerspectiveDemo.Wpf3D-dn4.0", "Demo\PerspectiveDemo.Wpf3D\PerspectiveDemo.Wpf3D-dn4.0.csproj", "{B5CC56B5-F053-43D9-A95B-B9EF92FF78DB}"
EndProject
Project("{FAE04EC0-301F-11D3-BF4B-00C04F79EFBC}") = "Perspective.Config-dn4.0", "App\Perspective.Config\Perspective.Config-dn4.0.csproj", "{6DF4F863-0898-4513-A0CF-83806C63228F}"
EndProject
Project("{2150E333-8FDC-42A3-9474-1A3956D46DE8}") = "Library", "Library", "{35088BBA-D9A2-4420-98E4-F1523B479E1C}"
EndProject
Project("{2150E333-8FDC-42A3-9474-1A3956D46DE8}") = "Demo", "Demo", "{DBE0F7EA-C13E-4B44-9264-761FA8FB834E}"
EndProject
Project("{2150E333-8FDC-42A3-9474-1A3956D46DE8}") = "App", "App", "{62ADF4F4-8273-4693-BA65-336033C45829}"
EndProject
Global
	GlobalSection(TeamFoundationVersionControl) = preSolution
		SccNumberOfProjects = 9
		SccEnterpriseProvider = {4CA58AB2-18FA-4F8D-95D4-32DDF27D184C}
		SccTeamFoundationServer = https://tfs03.codeplex.com/
		SccLocalPath0 = .
		SccProjectUniqueName1 = Library\\Perspective.Core\\Perspective.Core-dn4.0.csproj
		SccProjectTopLevelParentUniqueName1 = Perspective-dn4.0.sln
		SccProjectName1 = Library/Perspective.Core
		SccLocalPath1 = Library\\Perspective.Core
		SccProjectUniqueName2 = Library\\Perspective.Wpf\\Perspective.Wpf-dn4.0.csproj
		SccProjectTopLevelParentUniqueName2 = Perspective-dn4.0.sln
		SccProjectName2 = Library/Perspective.Wpf
		SccLocalPath2 = Library\\Perspective.Wpf
		SccProjectUniqueName3 = Library\\Perspective.Wpf3D\\Perspective.Wpf3D-dn4.0.csproj
		SccProjectTopLevelParentUniqueName3 = Perspective-dn4.0.sln
		SccProjectName3 = Library/Perspective.Wpf3D
		SccLocalPath3 = Library\\Perspective.Wpf3D
		SccProjectUniqueName4 = App\\Perspective\\Perspective-dn4.0.csproj
		SccProjectTopLevelParentUniqueName4 = Perspective-dn4.0.sln
		SccProjectName4 = App/Perspective
		SccLocalPath4 = App\\Perspective
		SccProjectUniqueName5 = Library\\Perspective.Hosting\\Perspective.Hosting-dn4.0.csproj
		SccProjectTopLevelParentUniqueName5 = Perspective-dn4.0.sln
		SccProjectName5 = Library/Perspective.Hosting
		SccLocalPath5 = Library\\Perspective.Hosting
		SccProjectUniqueName6 = Demo\\PerspectiveDemo.Wpf\\PerspectiveDemo.Wpf-dn4.0.csproj
		SccProjectTopLevelParentUniqueName6 = Perspective-dn4.0.sln
		SccProjectName6 = Demo/PerspectiveDemo.Wpf
		SccLocalPath6 = Demo\\PerspectiveDemo.Wpf
		SccProjectUniqueName7 = Demo\\PerspectiveDemo.Wpf3D\\PerspectiveDemo.Wpf3D-dn4.0.csproj
		SccProjectTopLevelParentUniqueName7 = Perspective-dn4.0.sln
		SccProjectName7 = Demo/PerspectiveDemo.Wpf3D
		SccLocalPath7 = Demo\\PerspectiveDemo.Wpf3D
		SccProjectUniqueName8 = App\\Perspective.Config\\Perspective.Config-dn4.0.csproj
		SccProjectTopLevelParentUniqueName8 = Perspective-dn4.0.sln
		SccProjectName8 = App/Perspective.Config
		SccLocalPath8 = App\\Perspective.Config
	EndGlobalSection
	GlobalSection(SolutionConfigurationPlatforms) = preSolution
		Debug|Any CPU = Debug|Any CPU
		Debug|Mixed Platforms = Debug|Mixed Platforms
		Debug|x86 = Debug|x86
		Release|Any CPU = Release|Any CPU
		Release|Mixed Platforms = Release|Mixed Platforms
		Release|x86 = Release|x86
	EndGlobalSection
	GlobalSection(ProjectConfigurationPlatforms) = postSolution
		{19FC4939-5269-4B1E-93BF-569D3E14A9B0}.Debug|Any CPU.ActiveCfg = Debug|Any CPU
		{19FC4939-5269-4B1E-93BF-569D3E14A9B0}.Debug|Any CPU.Build.0 = Debug|Any CPU
		{19FC4939-5269-4B1E-93BF-569D3E14A9B0}.Debug|Mixed Platforms.ActiveCfg = Debug|Any CPU
		{19FC4939-5269-4B1E-93BF-569D3E14A9B0}.Debug|Mixed Platforms.Build.0 = Debug|Any CPU
		{19FC4939-5269-4B1E-93BF-569D3E14A9B0}.Debug|x86.ActiveCfg = Debug|Any CPU
		{19FC4939-5269-4B1E-93BF-569D3E14A9B0}.Release|Any CPU.ActiveCfg = Release|Any CPU
		{19FC4939-5269-4B1E-93BF-569D3E14A9B0}.Release|Any CPU.Build.0 = Release|Any CPU
		{19FC4939-5269-4B1E-93BF-569D3E14A9B0}.Release|Mixed Platforms.ActiveCfg = Release|Any CPU
		{19FC4939-5269-4B1E-93BF-569D3E14A9B0}.Release|Mixed Platforms.Build.0 = Release|Any CPU
		{19FC4939-5269-4B1E-93BF-569D3E14A9B0}.Release|x86.ActiveCfg = Release|Any CPU
		{34860E9C-F566-4F14-BFB9-45F6B37503F9}.Debug|Any CPU.ActiveCfg = Debug|Any CPU
		{34860E9C-F566-4F14-BFB9-45F6B37503F9}.Debug|Any CPU.Build.0 = Debug|Any CPU
		{34860E9C-F566-4F14-BFB9-45F6B37503F9}.Debug|Mixed Platforms.ActiveCfg = Debug|Any CPU
		{34860E9C-F566-4F14-BFB9-45F6B37503F9}.Debug|Mixed Platforms.Build.0 = Debug|Any CPU
		{34860E9C-F566-4F14-BFB9-45F6B37503F9}.Debug|x86.ActiveCfg = Debug|Any CPU
		{34860E9C-F566-4F14-BFB9-45F6B37503F9}.Release|Any CPU.ActiveCfg = Release|Any CPU
		{34860E9C-F566-4F14-BFB9-45F6B37503F9}.Release|Any CPU.Build.0 = Release|Any CPU
		{34860E9C-F566-4F14-BFB9-45F6B37503F9}.Release|Mixed Platforms.ActiveCfg = Release|Any CPU
		{34860E9C-F566-4F14-BFB9-45F6B37503F9}.Release|Mixed Platforms.Build.0 = Release|Any CPU
		{34860E9C-F566-4F14-BFB9-45F6B37503F9}.Release|x86.ActiveCfg = Release|Any CPU
		{F1121E62-AE79-4460-9419-E74F19C011F7}.Debug|Any CPU.ActiveCfg = Debug|Any CPU
		{F1121E62-AE79-4460-9419-E74F19C011F7}.Debug|Any CPU.Build.0 = Debug|Any CPU
		{F1121E62-AE79-4460-9419-E74F19C011F7}.Debug|Mixed Platforms.ActiveCfg = Debug|Any CPU
		{F1121E62-AE79-4460-9419-E74F19C011F7}.Debug|Mixed Platforms.Build.0 = Debug|Any CPU
		{F1121E62-AE79-4460-9419-E74F19C011F7}.Debug|x86.ActiveCfg = Debug|Any CPU
		{F1121E62-AE79-4460-9419-E74F19C011F7}.Release|Any CPU.ActiveCfg = Release|Any CPU
		{F1121E62-AE79-4460-9419-E74F19C011F7}.Release|Any CPU.Build.0 = Release|Any CPU
		{F1121E62-AE79-4460-9419-E74F19C011F7}.Release|Mixed Platforms.ActiveCfg = Release|Any CPU
		{F1121E62-AE79-4460-9419-E74F19C011F7}.Release|Mixed Platforms.Build.0 = Release|Any CPU
		{F1121E62-AE79-4460-9419-E74F19C011F7}.Release|x86.ActiveCfg = Release|Any CPU
		{82B9A7F7-6D87-4770-B525-D3F0935BFFDC}.Debug|Any CPU.ActiveCfg = Debug|x86
		{82B9A7F7-6D87-4770-B525-D3F0935BFFDC}.Debug|Mixed Platforms.ActiveCfg = Debug|x86
		{82B9A7F7-6D87-4770-B525-D3F0935BFFDC}.Debug|Mixed Platforms.Build.0 = Debug|x86
		{82B9A7F7-6D87-4770-B525-D3F0935BFFDC}.Debug|x86.ActiveCfg = Debug|x86
		{82B9A7F7-6D87-4770-B525-D3F0935BFFDC}.Debug|x86.Build.0 = Debug|x86
		{82B9A7F7-6D87-4770-B525-D3F0935BFFDC}.Release|Any CPU.ActiveCfg = Release|x86
		{82B9A7F7-6D87-4770-B525-D3F0935BFFDC}.Release|Mixed Platforms.ActiveCfg = Release|x86
		{82B9A7F7-6D87-4770-B525-D3F0935BFFDC}.Release|Mixed Platforms.Build.0 = Release|x86
		{82B9A7F7-6D87-4770-B525-D3F0935BFFDC}.Release|x86.ActiveCfg = Release|x86
		{82B9A7F7-6D87-4770-B525-D3F0935BFFDC}.Release|x86.Build.0 = Release|x86
		{C7D8AFA7-84EC-40B0-8308-BAB376B31CDD}.Debug|Any CPU.ActiveCfg = Debug|Any CPU
		{C7D8AFA7-84EC-40B0-8308-BAB376B31CDD}.Debug|Any CPU.Build.0 = Debug|Any CPU
		{C7D8AFA7-84EC-40B0-8308-BAB376B31CDD}.Debug|Mixed Platforms.ActiveCfg = Debug|Any CPU
		{C7D8AFA7-84EC-40B0-8308-BAB376B31CDD}.Debug|Mixed Platforms.Build.0 = Debug|Any CPU
		{C7D8AFA7-84EC-40B0-8308-BAB376B31CDD}.Debug|x86.ActiveCfg = Debug|Any CPU
		{C7D8AFA7-84EC-40B0-8308-BAB376B31CDD}.Release|Any CPU.ActiveCfg = Release|Any CPU
		{C7D8AFA7-84EC-40B0-8308-BAB376B31CDD}.Release|Any CPU.Build.0 = Release|Any CPU
		{C7D8AFA7-84EC-40B0-8308-BAB376B31CDD}.Release|Mixed Platforms.ActiveCfg = Release|Any CPU
		{C7D8AFA7-84EC-40B0-8308-BAB376B31CDD}.Release|Mixed Platforms.Build.0 = Release|Any CPU
		{C7D8AFA7-84EC-40B0-8308-BAB376B31CDD}.Release|x86.ActiveCfg = Release|Any CPU
		{6D237C99-F57D-4938-913D-7255BF9953FA}.Debug|Any CPU.ActiveCfg = Debug|Any CPU
		{6D237C99-F57D-4938-913D-7255BF9953FA}.Debug|Any CPU.Build.0 = Debug|Any CPU
		{6D237C99-F57D-4938-913D-7255BF9953FA}.Debug|Mixed Platforms.ActiveCfg = Debug|Any CPU
		{6D237C99-F57D-4938-913D-7255BF9953FA}.Debug|Mixed Platforms.Build.0 = Debug|Any CPU
		{6D237C99-F57D-4938-913D-7255BF9953FA}.Debug|x86.ActiveCfg = Debug|Any CPU
		{6D237C99-F57D-4938-913D-7255BF9953FA}.Release|Any CPU.ActiveCfg = Release|Any CPU
		{6D237C99-F57D-4938-913D-7255BF9953FA}.Release|Any CPU.Build.0 = Release|Any CPU
		{6D237C99-F57D-4938-913D-7255BF9953FA}.Release|Mixed Platforms.ActiveCfg = Release|Any CPU
		{6D237C99-F57D-4938-913D-7255BF9953FA}.Release|Mixed Platforms.Build.0 = Release|Any CPU
		{6D237C99-F57D-4938-913D-7255BF9953FA}.Release|x86.ActiveCfg = Release|Any CPU
		{B5CC56B5-F053-43D9-A95B-B9EF92FF78DB}.Debug|Any CPU.ActiveCfg = Debug|Any CPU
		{B5CC56B5-F053-43D9-A95B-B9EF92FF78DB}.Debug|Any CPU.Build.0 = Debug|Any CPU
		{B5CC56B5-F053-43D9-A95B-B9EF92FF78DB}.Debug|Mixed Platforms.ActiveCfg = Debug|Any CPU
		{B5CC56B5-F053-43D9-A95B-B9EF92FF78DB}.Debug|Mixed Platforms.Build.0 = Debug|Any CPU
		{B5CC56B5-F053-43D9-A95B-B9EF92FF78DB}.Debug|x86.ActiveCfg = Debug|Any CPU
		{B5CC56B5-F053-43D9-A95B-B9EF92FF78DB}.Release|Any CPU.ActiveCfg = Release|Any CPU
		{B5CC56B5-F053-43D9-A95B-B9EF92FF78DB}.Release|Any CPU.Build.0 = Release|Any CPU
		{B5CC56B5-F053-43D9-A95B-B9EF92FF78DB}.Release|Mixed Platforms.ActiveCfg = Release|Any CPU
		{B5CC56B5-F053-43D9-A95B-B9EF92FF78DB}.Release|Mixed Platforms.Build.0 = Release|Any CPU
		{B5CC56B5-F053-43D9-A95B-B9EF92FF78DB}.Release|x86.ActiveCfg = Release|Any CPU
		{6DF4F863-0898-4513-A0CF-83806C63228F}.Debug|Any CPU.ActiveCfg = Debug|Any CPU
		{6DF4F863-0898-4513-A0CF-83806C63228F}.Debug|Any CPU.Build.0 = Debug|Any CPU
		{6DF4F863-0898-4513-A0CF-83806C63228F}.Debug|Mixed Platforms.ActiveCfg = Debug|Any CPU
		{6DF4F863-0898-4513-A0CF-83806C63228F}.Debug|Mixed Platforms.Build.0 = Debug|Any CPU
		{6DF4F863-0898-4513-A0CF-83806C63228F}.Debug|x86.ActiveCfg = Debug|Any CPU
		{6DF4F863-0898-4513-A0CF-83806C63228F}.Release|Any CPU.ActiveCfg = Release|Any CPU
		{6DF4F863-0898-4513-A0CF-83806C63228F}.Release|Any CPU.Build.0 = Release|Any CPU
		{6DF4F863-0898-4513-A0CF-83806C63228F}.Release|Mixed Platforms.ActiveCfg = Release|Any CPU
		{6DF4F863-0898-4513-A0CF-83806C63228F}.Release|Mixed Platforms.Build.0 = Release|Any CPU
		{6DF4F863-0898-4513-A0CF-83806C63228F}.Release|x86.ActiveCfg = Release|Any CPU
	EndGlobalSection
	GlobalSection(SolutionProperties) = preSolution
		HideSolutionNode = FALSE
	EndGlobalSection
	GlobalSection(NestedProjects) = preSolution
		{19FC4939-5269-4B1E-93BF-569D3E14A9B0} = {35088BBA-D9A2-4420-98E4-F1523B479E1C}
		{34860E9C-F566-4F14-BFB9-45F6B37503F9} = {35088BBA-D9A2-4420-98E4-F1523B479E1C}
		{C7D8AFA7-84EC-40B0-8308-BAB376B31CDD} = {35088BBA-D9A2-4420-98E4-F1523B479E1C}
		{F1121E62-AE79-4460-9419-E74F19C011F7} = {35088BBA-D9A2-4420-98E4-F1523B479E1C}
		{6D237C99-F57D-4938-913D-7255BF9953FA} = {DBE0F7EA-C13E-4B44-9264-761FA8FB834E}
		{B5CC56B5-F053-43D9-A95B-B9EF92FF78DB} = {DBE0F7EA-C13E-4B44-9264-761FA8FB834E}
		{82B9A7F7-6D87-4770-B525-D3F0935BFFDC} = {62ADF4F4-8273-4693-BA65-336033C45829}
		{6DF4F863-0898-4513-A0CF-83806C63228F} = {62ADF4F4-8273-4693-BA65-336033C45829}
	EndGlobalSection
EndGlobal
