
Microsoft Visual Studio Solution File, Format Version 10.00
# Visual Studio 2008
Project("{FAE04EC0-301F-11D3-BF4B-00C04F79EFBC}") = "Perspective.Wpf3D-dn3.5", "Perspective.Wpf3D\Perspective.Wpf3D-dn3.5.csproj", "{F1121E62-AE79-4460-9419-E74F19C011F7}"
EndProject
Project("{FAE04EC0-301F-11D3-BF4B-00C04F79EFBC}") = "WpfApplication1", "WpfApplication1\WpfApplication1.csproj", "{F09C87FA-351D-4778-93AF-15D2859FE3D2}"
EndProject
Global
	GlobalSection(SolutionConfigurationPlatforms) = preSolution
		Debug|Any CPU = Debug|Any CPU
		Release|Any CPU = Release|Any CPU
	EndGlobalSection
	GlobalSection(ProjectConfigurationPlatforms) = postSolution
		{F1121E62-AE79-4460-9419-E74F19C011F7}.Debug|Any CPU.ActiveCfg = Debug|Any CPU
		{F1121E62-AE79-4460-9419-E74F19C011F7}.Debug|Any CPU.Build.0 = Debug|Any CPU
		{F1121E62-AE79-4460-9419-E74F19C011F7}.Release|Any CPU.ActiveCfg = Release|Any CPU
		{F1121E62-AE79-4460-9419-E74F19C011F7}.Release|Any CPU.Build.0 = Release|Any CPU
		{F09C87FA-351D-4778-93AF-15D2859FE3D2}.Debug|Any CPU.ActiveCfg = Debug|Any CPU
		{F09C87FA-351D-4778-93AF-15D2859FE3D2}.Debug|Any CPU.Build.0 = Debug|Any CPU
		{F09C87FA-351D-4778-93AF-15D2859FE3D2}.Release|Any CPU.ActiveCfg = Release|Any CPU
		{F09C87FA-351D-4778-93AF-15D2859FE3D2}.Release|Any CPU.Build.0 = Release|Any CPU
	EndGlobalSection
	GlobalSection(SolutionProperties) = preSolution
		HideSolutionNode = FALSE
	EndGlobalSection
EndGlobal
